
Microsoft Visual Studio Solution File, Format Version 12.00
# Visual Studio Version 16
VisualStudioVersion = 16.0.30611.23
MinimumVisualStudioVersion = 10.0.40219.1
Project("{FAE04EC0-301F-11D3-BF4B-00C04F79EFBC}") = "OPADemo", "OPADemo\OPADemo.csproj", "{DE4913C3-8226-4051-84A7-16C644EDC0BB}"
EndProject
Global
	GlobalSection(SolutionConfigurationPlatforms) = preSolution
		Debug|Any CPU = Debug|Any CPU
		Release|Any CPU = Release|Any CPU
	EndGlobalSection
	GlobalSection(ProjectConfigurationPlatforms) = postSolution
		{DE4913C3-8226-4051-84A7-16C644EDC0BB}.Debug|Any CPU.ActiveCfg = Debug|Any CPU
		{DE4913C3-8226-4051-84A7-16C644EDC0BB}.Debug|Any CPU.Build.0 = Debug|Any CPU
		{DE4913C3-8226-4051-84A7-16C644EDC0BB}.Release|Any CPU.ActiveCfg = Release|Any CPU
		{DE4913C3-8226-4051-84A7-16C644EDC0BB}.Release|Any CPU.Build.0 = Release|Any CPU
	EndGlobalSection
	GlobalSection(SolutionProperties) = preSolution
		HideSolutionNode = FALSE
	EndGlobalSection
	GlobalSection(ExtensibilityGlobals) = postSolution
		SolutionGuid = {0A4CED74-47B7-4FFA-9958-6EACC946EF14}
	EndGlobalSection
EndGlobal
